{
  "name": "genpwd-sls",
  "lockfileVersion": 3,
  "requires": true,
  "packages": {
    "": {
      "dependencies": {
        "ramda": "^0.30.0"
      }
    },
    "node_modules/ramda": {
      "version": "0.30.0",
      "resolved": "https://registry.npmjs.org/ramda/-/ramda-0.30.0.tgz",
      "integrity": "sha512-13Y0iMhIQuAm/wNGBL/9HEqIfRGmNmjKnTPlKWfA9f7dnDkr8d45wQ+S7+ZLh/Pq9PdcGxkqKUEA7ySu1QSd9Q==",
      "funding": {
        "type": "opencollective",
        "url": "https://opencollective.com/ramda"
      }
    }
  }
}
